
Microsoft Visual Studio Solution File, Format Version 12.00
# Visual Studio Version 16
VisualStudioVersion = 16.0.29613.14
MinimumVisualStudioVersion = 10.0.40219.1
Project("{9A19103F-16F7-4668-BE54-9A1E7A4F7556}") = "RosBag", "src\RosBag.csproj", "{EB002455-6503-4A25-B2A1-3526AD5AACF1}"
EndProject
Project("{2150E333-8FDC-42A3-9474-1A3956D46DE8}") = "Repo", "Repo", "{1456FF91-0DFD-4505-8D48-50F49DD056EC}"
	ProjectSection(SolutionItems) = preProject
		.gitattributes = .gitattributes
		.gitignore = .gitignore
		README.md = README.md
	EndProjectSection
EndProject
Project("{FAE04EC0-301F-11D3-BF4B-00C04F79EFBC}") = "Tests.RosBag", "tests\Tests.RosBag.csproj", "{F5C14B7B-18F2-4088-A5BF-ACBC36AC281B}"
EndProject
Global
	GlobalSection(SolutionConfigurationPlatforms) = preSolution
		Debug|Any CPU = Debug|Any CPU
		Release|Any CPU = Release|Any CPU
	EndGlobalSection
	GlobalSection(ProjectConfigurationPlatforms) = postSolution
		{EB002455-6503-4A25-B2A1-3526AD5AACF1}.Debug|Any CPU.ActiveCfg = Debug|Any CPU
		{EB002455-6503-4A25-B2A1-3526AD5AACF1}.Debug|Any CPU.Build.0 = Debug|Any CPU
		{EB002455-6503-4A25-B2A1-3526AD5AACF1}.Release|Any CPU.ActiveCfg = Release|Any CPU
		{EB002455-6503-4A25-B2A1-3526AD5AACF1}.Release|Any CPU.Build.0 = Release|Any CPU
		{F5C14B7B-18F2-4088-A5BF-ACBC36AC281B}.Debug|Any CPU.ActiveCfg = Debug|Any CPU
		{F5C14B7B-18F2-4088-A5BF-ACBC36AC281B}.Debug|Any CPU.Build.0 = Debug|Any CPU
		{F5C14B7B-18F2-4088-A5BF-ACBC36AC281B}.Release|Any CPU.ActiveCfg = Release|Any CPU
		{F5C14B7B-18F2-4088-A5BF-ACBC36AC281B}.Release|Any CPU.Build.0 = Release|Any CPU
	EndGlobalSection
	GlobalSection(SolutionProperties) = preSolution
		HideSolutionNode = FALSE
	EndGlobalSection
	GlobalSection(ExtensibilityGlobals) = postSolution
		SolutionGuid = {DFD86470-2065-4429-87FE-C2025681F6A3}
	EndGlobalSection
EndGlobal
